
Microsoft Visual Studio Solution File, Format Version 12.00
# Visual Studio Version 17
VisualStudioVersion = 17.6.33815.320
MinimumVisualStudioVersion = 10.0.40219.1
Project("{FAE04EC0-301F-11D3-BF4B-00C04F79EFBC}") = "gitapp2", "gitapp2\gitapp2.csproj", "{114FC9E7-3FA0-43A8-BE43-BA9F22724526}"
EndProject
Global
	GlobalSection(SolutionConfigurationPlatforms) = preSolution
		Debug|Any CPU = Debug|Any CPU
		Release|Any CPU = Release|Any CPU
	EndGlobalSection
	GlobalSection(ProjectConfigurationPlatforms) = postSolution
		{114FC9E7-3FA0-43A8-BE43-BA9F22724526}.Debug|Any CPU.ActiveCfg = Debug|Any CPU
		{114FC9E7-3FA0-43A8-BE43-BA9F22724526}.Debug|Any CPU.Build.0 = Debug|Any CPU
		{114FC9E7-3FA0-43A8-BE43-BA9F22724526}.Release|Any CPU.ActiveCfg = Release|Any CPU
		{114FC9E7-3FA0-43A8-BE43-BA9F22724526}.Release|Any CPU.Build.0 = Release|Any CPU
	EndGlobalSection
	GlobalSection(SolutionProperties) = preSolution
		HideSolutionNode = FALSE
	EndGlobalSection
	GlobalSection(ExtensibilityGlobals) = postSolution
		SolutionGuid = {C969FEF9-1761-4465-BCA0-270EA1997E6C}
	EndGlobalSection
EndGlobal
